
Microsoft Visual Studio Solution File, Format Version 12.00
# Visual Studio Version 16
VisualStudioVersion = 16.0.30320.27
MinimumVisualStudioVersion = 10.0.40219.1
Project("{FAE04EC0-301F-11D3-BF4B-00C04F79EFBC}") = "JustEmuTarkov", "JET\JustEmuTarkov.csproj", "{AC9ADC41-6007-4392-9D52-2BD850506052}"
EndProject
Project("{FAE04EC0-301F-11D3-BF4B-00C04F79EFBC}") = "JET.Launcher", "JET.Launcher\JET.Launcher.csproj", "{3812C87E-F193-43B0-9FC6-3116948C023B}"
EndProject
Project("{FAE04EC0-301F-11D3-BF4B-00C04F79EFBC}") = "JET-SinglePlayer", "JET-SinglePlayer\JET-SinglePlayer.csproj", "{1D95F26C-E959-40C8-A73F-C9E280E87E17}"
	ProjectSection(ProjectDependencies) = postProject
		{AC9ADC41-6007-4392-9D52-2BD850506052} = {AC9ADC41-6007-4392-9D52-2BD850506052}
	EndProjectSection
EndProject
Global
	GlobalSection(SolutionConfigurationPlatforms) = preSolution
		9018|Any CPU = 9018|Any CPU
		9767|Any CPU = 9767|Any CPU
		10988|Any CPU = 10988|Any CPU
		11661|Any CPU = 11661|Any CPU
		12102|Any CPU = 12102|Any CPU
		13074|Any CPU = 13074|Any CPU
		13487|Any CPU = 13487|Any CPU
		Debug|Any CPU = Debug|Any CPU
		Release|Any CPU = Release|Any CPU
	EndGlobalSection
	GlobalSection(ProjectConfigurationPlatforms) = postSolution
		{AC9ADC41-6007-4392-9D52-2BD850506052}.9018|Any CPU.ActiveCfg = 9018|Any CPU
		{AC9ADC41-6007-4392-9D52-2BD850506052}.9018|Any CPU.Build.0 = 9018|Any CPU
		{AC9ADC41-6007-4392-9D52-2BD850506052}.9767|Any CPU.ActiveCfg = 9767|Any CPU
		{AC9ADC41-6007-4392-9D52-2BD850506052}.9767|Any CPU.Build.0 = 9767|Any CPU
		{AC9ADC41-6007-4392-9D52-2BD850506052}.10988|Any CPU.ActiveCfg = 10988|Any CPU
		{AC9ADC41-6007-4392-9D52-2BD850506052}.10988|Any CPU.Build.0 = 10988|Any CPU
		{AC9ADC41-6007-4392-9D52-2BD850506052}.11661|Any CPU.ActiveCfg = 11661|Any CPU
		{AC9ADC41-6007-4392-9D52-2BD850506052}.11661|Any CPU.Build.0 = 11661|Any CPU
		{AC9ADC41-6007-4392-9D52-2BD850506052}.12102|Any CPU.ActiveCfg = 12102|Any CPU
		{AC9ADC41-6007-4392-9D52-2BD850506052}.12102|Any CPU.Build.0 = 12102|Any CPU
		{AC9ADC41-6007-4392-9D52-2BD850506052}.13074|Any CPU.ActiveCfg = 13074|Any CPU
		{AC9ADC41-6007-4392-9D52-2BD850506052}.13074|Any CPU.Build.0 = 13074|Any CPU
		{AC9ADC41-6007-4392-9D52-2BD850506052}.13487|Any CPU.ActiveCfg = 13487|Any CPU
		{AC9ADC41-6007-4392-9D52-2BD850506052}.13487|Any CPU.Build.0 = 13487|Any CPU
		{AC9ADC41-6007-4392-9D52-2BD850506052}.Debug|Any CPU.ActiveCfg = Debug|Any CPU
		{AC9ADC41-6007-4392-9D52-2BD850506052}.Debug|Any CPU.Build.0 = Debug|Any CPU
		{AC9ADC41-6007-4392-9D52-2BD850506052}.Release|Any CPU.ActiveCfg = Debug|Any CPU
		{AC9ADC41-6007-4392-9D52-2BD850506052}.Release|Any CPU.Build.0 = Debug|Any CPU
		{3812C87E-F193-43B0-9FC6-3116948C023B}.9018|Any CPU.ActiveCfg = 9767|Any CPU
		{3812C87E-F193-43B0-9FC6-3116948C023B}.9018|Any CPU.Build.0 = 9767|Any CPU
		{3812C87E-F193-43B0-9FC6-3116948C023B}.9767|Any CPU.ActiveCfg = 9767|Any CPU
		{3812C87E-F193-43B0-9FC6-3116948C023B}.9767|Any CPU.Build.0 = 9767|Any CPU
		{3812C87E-F193-43B0-9FC6-3116948C023B}.10988|Any CPU.ActiveCfg = 10988|Any CPU
		{3812C87E-F193-43B0-9FC6-3116948C023B}.10988|Any CPU.Build.0 = 10988|Any CPU
		{3812C87E-F193-43B0-9FC6-3116948C023B}.11661|Any CPU.ActiveCfg = 11661|Any CPU
		{3812C87E-F193-43B0-9FC6-3116948C023B}.11661|Any CPU.Build.0 = 11661|Any CPU
		{3812C87E-F193-43B0-9FC6-3116948C023B}.12102|Any CPU.ActiveCfg = 12102|Any CPU
		{3812C87E-F193-43B0-9FC6-3116948C023B}.12102|Any CPU.Build.0 = 12102|Any CPU
		{3812C87E-F193-43B0-9FC6-3116948C023B}.13074|Any CPU.ActiveCfg = 13074|Any CPU
		{3812C87E-F193-43B0-9FC6-3116948C023B}.13074|Any CPU.Build.0 = 13074|Any CPU
		{3812C87E-F193-43B0-9FC6-3116948C023B}.13487|Any CPU.ActiveCfg = 13487|Any CPU
		{3812C87E-F193-43B0-9FC6-3116948C023B}.13487|Any CPU.Build.0 = 13487|Any CPU
		{3812C87E-F193-43B0-9FC6-3116948C023B}.Debug|Any CPU.ActiveCfg = Debug|Any CPU
		{3812C87E-F193-43B0-9FC6-3116948C023B}.Debug|Any CPU.Build.0 = Debug|Any CPU
		{3812C87E-F193-43B0-9FC6-3116948C023B}.Release|Any CPU.ActiveCfg = 9018|Any CPU
		{3812C87E-F193-43B0-9FC6-3116948C023B}.Release|Any CPU.Build.0 = 9018|Any CPU
		{1D95F26C-E959-40C8-A73F-C9E280E87E17}.9018|Any CPU.ActiveCfg = 9018|Any CPU
		{1D95F26C-E959-40C8-A73F-C9E280E87E17}.9018|Any CPU.Build.0 = 9018|Any CPU
		{1D95F26C-E959-40C8-A73F-C9E280E87E17}.9767|Any CPU.ActiveCfg = 9767|Any CPU
		{1D95F26C-E959-40C8-A73F-C9E280E87E17}.9767|Any CPU.Build.0 = 9767|Any CPU
		{1D95F26C-E959-40C8-A73F-C9E280E87E17}.10988|Any CPU.ActiveCfg = 10988|Any CPU
		{1D95F26C-E959-40C8-A73F-C9E280E87E17}.10988|Any CPU.Build.0 = 10988|Any CPU
		{1D95F26C-E959-40C8-A73F-C9E280E87E17}.11661|Any CPU.ActiveCfg = 11661|Any CPU
		{1D95F26C-E959-40C8-A73F-C9E280E87E17}.11661|Any CPU.Build.0 = 11661|Any CPU
		{1D95F26C-E959-40C8-A73F-C9E280E87E17}.12102|Any CPU.ActiveCfg = 12102|Any CPU
		{1D95F26C-E959-40C8-A73F-C9E280E87E17}.12102|Any CPU.Build.0 = 12102|Any CPU
		{1D95F26C-E959-40C8-A73F-C9E280E87E17}.13074|Any CPU.ActiveCfg = 13074|Any CPU
		{1D95F26C-E959-40C8-A73F-C9E280E87E17}.13074|Any CPU.Build.0 = 13074|Any CPU
		{1D95F26C-E959-40C8-A73F-C9E280E87E17}.13487|Any CPU.ActiveCfg = 13487|Any CPU
		{1D95F26C-E959-40C8-A73F-C9E280E87E17}.13487|Any CPU.Build.0 = 13487|Any CPU
		{1D95F26C-E959-40C8-A73F-C9E280E87E17}.Debug|Any CPU.ActiveCfg = Debug|Any CPU
		{1D95F26C-E959-40C8-A73F-C9E280E87E17}.Debug|Any CPU.Build.0 = Debug|Any CPU
	EndGlobalSection
	GlobalSection(SolutionProperties) = preSolution
		HideSolutionNode = FALSE
	EndGlobalSection
	GlobalSection(ExtensibilityGlobals) = postSolution
		SolutionGuid = {B25502A9-1DC0-4D0A-8947-5BCB48EF5B8B}
	EndGlobalSection
EndGlobal
